
Microsoft Visual Studio Solution File, Format Version 12.00
# Visual Studio Version 17
VisualStudioVersion = 17.1.32228.430
MinimumVisualStudioVersion = 10.0.40219.1
Project("{FAE04EC0-301F-11D3-BF4B-00C04F79EFBC}") = "task 1", "task 1\task 1.csproj", "{A66EF51B-CF01-489E-8A59-6384989C21DE}"
EndProject
Global
	GlobalSection(SolutionConfigurationPlatforms) = preSolution
		Debug|Any CPU = Debug|Any CPU
		Release|Any CPU = Release|Any CPU
	EndGlobalSection
	GlobalSection(ProjectConfigurationPlatforms) = postSolution
		{A66EF51B-CF01-489E-8A59-6384989C21DE}.Debug|Any CPU.ActiveCfg = Debug|Any CPU
		{A66EF51B-CF01-489E-8A59-6384989C21DE}.Debug|Any CPU.Build.0 = Debug|Any CPU
		{A66EF51B-CF01-489E-8A59-6384989C21DE}.Release|Any CPU.ActiveCfg = Release|Any CPU
		{A66EF51B-CF01-489E-8A59-6384989C21DE}.Release|Any CPU.Build.0 = Release|Any CPU
	EndGlobalSection
	GlobalSection(SolutionProperties) = preSolution
		HideSolutionNode = FALSE
	EndGlobalSection
	GlobalSection(ExtensibilityGlobals) = postSolution
		SolutionGuid = {1C69F825-5174-42E8-BCAF-1B50D62A1C08}
	EndGlobalSection
EndGlobal
